
Microsoft Visual Studio Solution File, Format Version 12.00
# Visual Studio Version 16
VisualStudioVersion = 25.0.1703.0
MinimumVisualStudioVersion = 10.0.40219.1
Project("{FAE04EC0-301F-11D3-BF4B-00C04F79EFBC}") = "CSharpPrac", "CSharpPrac\CSharpPrac.csproj", "{9A1E6005-D871-4ACB-9FFC-0C5DB05E1246}"
EndProject
Global
	GlobalSection(SolutionConfigurationPlatforms) = preSolution
		Debug|Any CPU = Debug|Any CPU
		Release|Any CPU = Release|Any CPU
	EndGlobalSection
	GlobalSection(ProjectConfigurationPlatforms) = postSolution
		{9A1E6005-D871-4ACB-9FFC-0C5DB05E1246}.Debug|Any CPU.ActiveCfg = Debug|Any CPU
		{9A1E6005-D871-4ACB-9FFC-0C5DB05E1246}.Debug|Any CPU.Build.0 = Debug|Any CPU
		{9A1E6005-D871-4ACB-9FFC-0C5DB05E1246}.Release|Any CPU.ActiveCfg = Release|Any CPU
		{9A1E6005-D871-4ACB-9FFC-0C5DB05E1246}.Release|Any CPU.Build.0 = Release|Any CPU
	EndGlobalSection
	GlobalSection(SolutionProperties) = preSolution
		HideSolutionNode = FALSE
	EndGlobalSection
	GlobalSection(ExtensibilityGlobals) = postSolution
		SolutionGuid = {25C6925A-8642-4084-8CDC-83CA6FB8E95D}
	EndGlobalSection
EndGlobal
